{
  "name": "discord-bot",
  "version": "1.0.0",
  "lockfileVersion": 1,
  "requires": true,
  "dependencies": {
    "@discordjs/collection": {
      "version": "0.1.6",
      "resolved": "https://registry.npm.taobao.org/@discordjs/collection/download/@discordjs/collection-0.1.6.tgz",
      "integrity": "sha1-npp2N/Tk4GiP2LK1xjEzyRYHaCw="
    },
    "@discordjs/form-data": {
      "version": "3.0.1",
      "resolved": "https://registry.npm.taobao.org/@discordjs/form-data/download/@discordjs/form-data-3.0.1.tgz",
      "integrity": "sha1-XJ5r6ZLi5X0N+g45l5qFAiX7Rpc=",
      "requires": {
        "asynckit": "^0.4.0",
        "combined-stream": "^1.0.8",
        "mime-types": "^2.1.12"
      }
    },
    "abort-controller": {
      "version": "3.0.0",
      "resolved": "https://registry.npm.taobao.org/abort-controller/download/abort-controller-3.0.0.tgz",
      "integrity": "sha1-6vVNU7YrrkE46AnKIlyEOabvs5I=",
      "requires": {
        "event-target-shim": "^5.0.0"
      }
    },
    "asynckit": {
      "version": "0.4.0",
      "resolved": "https://registry.npm.taobao.org/asynckit/download/asynckit-0.4.0.tgz",
      "integrity": "sha1-x57Zf380y48robyXkLzDZkdLS3k="
    },
    "combined-stream": {
      "version": "1.0.8",
      "resolved": "https://registry.npm.taobao.org/combined-stream/download/combined-stream-1.0.8.tgz",
      "integrity": "sha1-w9RaizT9cwYxoRCoolIGgrMdWn8=",
      "requires": {
        "delayed-stream": "~1.0.0"
      }
    },
    "delayed-stream": {
      "version": "1.0.0",
      "resolved": "https://registry.npm.taobao.org/delayed-stream/download/delayed-stream-1.0.0.tgz",
      "integrity": "sha1-3zrhmayt+31ECqrgsp4icrJOxhk="
    },
    "discord.js": {
      "version": "12.5.1",
      "resolved": "https://registry.npm.taobao.org/discord.js/download/discord.js-12.5.1.tgz",
      "integrity": "sha1-mStFdT44FVJqJ5kUzMKB00lvWZA=",
      "requires": {
        "@discordjs/collection": "^0.1.6",
        "@discordjs/form-data": "^3.0.1",
        "abort-controller": "^3.0.0",
        "node-fetch": "^2.6.1",
        "prism-media": "^1.2.2",
        "setimmediate": "^1.0.5",
        "tweetnacl": "^1.0.3",
        "ws": "^7.3.1"
      }
    },
    "dotenv": {
      "version": "8.2.0",
      "resolved": "https://registry.npm.taobao.org/dotenv/download/dotenv-8.2.0.tgz?cache=0&other_urls=https%3A%2F%2Fregistry.npm.taobao.org%2Fdotenv%2Fdownload%2Fdotenv-8.2.0.tgz",
      "integrity": "sha1-l+YZJZradQ7qPk6j4mvO6lQksWo="
    },
    "event-target-shim": {
      "version": "5.0.1",
      "resolved": "https://registry.npm.taobao.org/event-target-shim/download/event-target-shim-5.0.1.tgz",
      "integrity": "sha1-XU0+vflYPWOlMzzi3rdICrKwV4k="
    },
    "mime-db": {
      "version": "1.46.0",
      "resolved": "https://registry.npm.taobao.org/mime-db/download/mime-db-1.46.0.tgz",
      "integrity": "sha1-Ymd0in95lZTePLyM3pHe80lmHO4="
    },
    "mime-types": {
      "version": "2.1.29",
      "resolved": "https://registry.npm.taobao.org/mime-types/download/mime-types-2.1.29.tgz?cache=0&sync_timestamp=1613608566611&other_urls=https%3A%2F%2Fregistry.npm.taobao.org%2Fmime-types%2Fdownload%2Fmime-types-2.1.29.tgz",
      "integrity": "sha1-HUq3faZLkfX3JInfKSNlY3VLsbI=",
      "requires": {
        "mime-db": "1.46.0"
      }
    },
    "node-fetch": {
      "version": "2.6.1",
      "resolved": "https://registry.npm.taobao.org/node-fetch/download/node-fetch-2.6.1.tgz?cache=0&sync_timestamp=1599309179354&other_urls=https%3A%2F%2Fregistry.npm.taobao.org%2Fnode-fetch%2Fdownload%2Fnode-fetch-2.6.1.tgz",
      "integrity": "sha1-BFvTI2Mfdu0uK1VXM5RBa2OaAFI="
    },
    "prism-media": {
      "version": "1.2.7",
      "resolved": "https://registry.npm.taobao.org/prism-media/download/prism-media-1.2.7.tgz",
      "integrity": "sha1-aXyWMOKkc6XfqxnHHro5igg8K/A="
    },
    "setimmediate": {
      "version": "1.0.5",
      "resolved": "https://registry.npm.taobao.org/setimmediate/download/setimmediate-1.0.5.tgz",
      "integrity": "sha1-KQy7Iy4waULX1+qbg3Mqt4VvgoU="
    },
    "tweetnacl": {
      "version": "1.0.3",
      "resolved": "https://registry.npm.taobao.org/tweetnacl/download/tweetnacl-1.0.3.tgz",
      "integrity": "sha1-rAr3FoBFjYpjeNDQ0FCrFAfTVZY="
    },
    "ws": {
      "version": "7.4.4",
      "resolved": "https://registry.npm.taobao.org/ws/download/ws-7.4.4.tgz?cache=0&sync_timestamp=1615063662500&other_urls=https%3A%2F%2Fregistry.npm.taobao.org%2Fws%2Fdownload%2Fws-7.4.4.tgz",
      "integrity": "sha1-ODvJdCyyAikskHfOq29gR7F/LVk="
    }
  }
}
